
Microsoft Visual Studio Solution File, Format Version 12.00
# Visual Studio Version 17
VisualStudioVersion = 17.5.33516.290
MinimumVisualStudioVersion = 10.0.40219.1
Project("{FAE04EC0-301F-11D3-BF4B-00C04F79EFBC}") = "wp12_finddustcheck", "wp12_finddustcheck\wp12_finddustcheck.csproj", "{501CD1C3-0308-4F71-9B7D-DFFE38FAEE3A}"
EndProject
Project("{FAE04EC0-301F-11D3-BF4B-00C04F79EFBC}") = "wp11_MovieFinder", "wp11_Movie\wp11_MovieFinder.csproj", "{7AC65E49-84BC-4AA6-A41F-468A669F2189}"
EndProject
Global
	GlobalSection(SolutionConfigurationPlatforms) = preSolution
		Debug|Any CPU = Debug|Any CPU
		Release|Any CPU = Release|Any CPU
	EndGlobalSection
	GlobalSection(ProjectConfigurationPlatforms) = postSolution
		{501CD1C3-0308-4F71-9B7D-DFFE38FAEE3A}.Debug|Any CPU.ActiveCfg = Debug|Any CPU
		{501CD1C3-0308-4F71-9B7D-DFFE38FAEE3A}.Debug|Any CPU.Build.0 = Debug|Any CPU
		{501CD1C3-0308-4F71-9B7D-DFFE38FAEE3A}.Release|Any CPU.ActiveCfg = Release|Any CPU
		{501CD1C3-0308-4F71-9B7D-DFFE38FAEE3A}.Release|Any CPU.Build.0 = Release|Any CPU
		{7AC65E49-84BC-4AA6-A41F-468A669F2189}.Debug|Any CPU.ActiveCfg = Debug|Any CPU
		{7AC65E49-84BC-4AA6-A41F-468A669F2189}.Debug|Any CPU.Build.0 = Debug|Any CPU
		{7AC65E49-84BC-4AA6-A41F-468A669F2189}.Release|Any CPU.ActiveCfg = Release|Any CPU
		{7AC65E49-84BC-4AA6-A41F-468A669F2189}.Release|Any CPU.Build.0 = Release|Any CPU
	EndGlobalSection
	GlobalSection(SolutionProperties) = preSolution
		HideSolutionNode = FALSE
	EndGlobalSection
	GlobalSection(ExtensibilityGlobals) = postSolution
		SolutionGuid = {676BE8A5-678F-4CA8-AAD2-DA21F6AA710E}
	EndGlobalSection
EndGlobal
